
Microsoft Visual Studio Solution File, Format Version 12.00
# Visual Studio 14
VisualStudioVersion = 14.0.25420.1
MinimumVisualStudioVersion = 10.0.40219.1
Project("{FAE04EC0-301F-11D3-BF4B-00C04F79EFBC}") = "WcfService", "WcfService\WcfService.csproj", "{89DB018B-7030-4A7A-91A5-0C9B15AC68BF}"
EndProject
Project("{FAE04EC0-301F-11D3-BF4B-00C04F79EFBC}") = "JobListingClient", "JobListingClient\JobListingClient.csproj", "{0251F6A0-7233-466B-98AD-869336109668}"
	ProjectSection(ProjectDependencies) = postProject
		{89DB018B-7030-4A7A-91A5-0C9B15AC68BF} = {89DB018B-7030-4A7A-91A5-0C9B15AC68BF}
	EndProjectSection
EndProject
Global
	GlobalSection(SolutionConfigurationPlatforms) = preSolution
		Debug|Any CPU = Debug|Any CPU
		Release|Any CPU = Release|Any CPU
	EndGlobalSection
	GlobalSection(ProjectConfigurationPlatforms) = postSolution
		{89DB018B-7030-4A7A-91A5-0C9B15AC68BF}.Debug|Any CPU.ActiveCfg = Debug|Any CPU
		{89DB018B-7030-4A7A-91A5-0C9B15AC68BF}.Debug|Any CPU.Build.0 = Debug|Any CPU
		{89DB018B-7030-4A7A-91A5-0C9B15AC68BF}.Release|Any CPU.ActiveCfg = Release|Any CPU
		{89DB018B-7030-4A7A-91A5-0C9B15AC68BF}.Release|Any CPU.Build.0 = Release|Any CPU
		{0251F6A0-7233-466B-98AD-869336109668}.Debug|Any CPU.ActiveCfg = Debug|Any CPU
		{0251F6A0-7233-466B-98AD-869336109668}.Debug|Any CPU.Build.0 = Debug|Any CPU
		{0251F6A0-7233-466B-98AD-869336109668}.Release|Any CPU.ActiveCfg = Release|Any CPU
		{0251F6A0-7233-466B-98AD-869336109668}.Release|Any CPU.Build.0 = Release|Any CPU
	EndGlobalSection
	GlobalSection(SolutionProperties) = preSolution
		HideSolutionNode = FALSE
	EndGlobalSection
EndGlobal
